# This file is automatically @generated by Poetry 1.8.3 and should not be changed by hand.

[[package]]
name = "asgiref"
version = "3.7.2"
description = "ASGI specs, helper code, and adapters"
optional = false
python-versions = ">=3.7"
files = [
    {file = "asgiref-3.7.2-py3-none-any.whl", hash = "sha256:89b2ef2247e3b562a16eef663bc0e2e703ec6468e2fa8a5cd61cd449786d4f6e"},
    {file = "asgiref-3.7.2.tar.gz", hash = "sha256:9e0ce3aa93a819ba5b45120216b23878cf6e8525eb3848653452b4192b92afed"},
]

[package.extras]
tests = ["mypy (>=0.800)", "pytest", "pytest-asyncio"]

[[package]]
name = "black"
version = "24.4.2"
description = "The uncompromising code formatter."
optional = false
python-versions = ">=3.8"
files = [
    {file = "black-24.4.2-cp310-cp310-macosx_10_9_x86_64.whl", hash = "sha256:dd1b5a14e417189db4c7b64a6540f31730713d173f0b63e55fabd52d61d8fdce"},
    {file = "black-24.4.2-cp310-cp310-macosx_11_0_arm64.whl", hash = "sha256:8e537d281831ad0e71007dcdcbe50a71470b978c453fa41ce77186bbe0ed6021"},
    {file = "black-24.4.2-cp310-cp310-manylinux_2_17_x86_64.manylinux2014_x86_64.whl", hash = "sha256:eaea3008c281f1038edb473c1aa8ed8143a5535ff18f978a318f10302b254063"},
    {file = "black-24.4.2-cp310-cp310-win_amd64.whl", hash = "sha256:7768a0dbf16a39aa5e9a3ded568bb545c8c2727396d063bbaf847df05b08cd96"},
    {file = "black-24.4.2-cp311-cp311-macosx_10_9_x86_64.whl", hash = "sha256:257d724c2c9b1660f353b36c802ccece186a30accc7742c176d29c146df6e474"},
    {file = "black-24.4.2-cp311-cp311-macosx_11_0_arm64.whl", hash = "sha256:bdde6f877a18f24844e381d45e9947a49e97933573ac9d4345399be37621e26c"},
    {file = "black-24.4.2-cp311-cp311-manylinux_2_17_x86_64.manylinux2014_x86_64.whl", hash = "sha256:e151054aa00bad1f4e1f04919542885f89f5f7d086b8a59e5000e6c616896ffb"},
    {file = "black-24.4.2-cp311-cp311-win_amd64.whl", hash = "sha256:7e122b1c4fb252fd85df3ca93578732b4749d9be076593076ef4d07a0233c3e1"},
    {file = "black-24.4.2-cp312-cp312-macosx_10_9_x86_64.whl", hash = "sha256:accf49e151c8ed2c0cdc528691838afd217c50412534e876a19270fea1e28e2d"},
    {file = "black-24.4.2-cp312-cp312-macosx_11_0_arm64.whl", hash = "sha256:88c57dc656038f1ab9f92b3eb5335ee9b021412feaa46330d5eba4e51fe49b04"},
    {file = "black-24.4.2-cp312-cp312-manylinux_2_17_x86_64.manylinux2014_x86_64.whl", hash = "sha256:be8bef99eb46d5021bf053114442914baeb3649a89dc5f3a555c88737e5e98fc"},
    {file = "black-24.4.2-cp312-cp312-win_amd64.whl", hash = "sha256:415e686e87dbbe6f4cd5ef0fbf764af7b89f9057b97c908742b6008cc554b9c0"},
    {file = "black-24.4.2-cp38-cp38-macosx_10_9_x86_64.whl", hash = "sha256:bf10f7310db693bb62692609b397e8d67257c55f949abde4c67f9cc574492cc7"},
    {file = "black-24.4.2-cp38-cp38-macosx_11_0_arm64.whl", hash = "sha256:98e123f1d5cfd42f886624d84464f7756f60ff6eab89ae845210631714f6db94"},
    {file = "black-24.4.2-cp38-cp38-manylinux_2_17_x86_64.manylinux2014_x86_64.whl", hash = "sha256:48a85f2cb5e6799a9ef05347b476cce6c182d6c71ee36925a6c194d074336ef8"},
    {file = "black-24.4.2-cp38-cp38-win_amd64.whl", hash = "sha256:b1530ae42e9d6d5b670a34db49a94115a64596bc77710b1d05e9801e62ca0a7c"},
    {file = "black-24.4.2-cp39-cp39-macosx_10_9_x86_64.whl", hash = "sha256:37aae07b029fa0174d39daf02748b379399b909652a806e5708199bd93899da1"},
    {file = "black-24.4.2-cp39-cp39-macosx_11_0_arm64.whl", hash = "sha256:da33a1a5e49c4122ccdfd56cd021ff1ebc4a1ec4e2d01594fef9b6f267a9e741"},
    {file = "black-24.4.2-cp39-cp39-manylinux_2_17_x86_64.manylinux2014_x86_64.whl", hash = "sha256:ef703f83fc32e131e9bcc0a5094cfe85599e7109f896fe8bc96cc402f3eb4b6e"},
    {file = "black-24.4.2-cp39-cp39-win_amd64.whl", hash = "sha256:b9176b9832e84308818a99a561e90aa479e73c523b3f77afd07913380ae2eab7"},
    {file = "black-24.4.2-py3-none-any.whl", hash = "sha256:d36ed1124bb81b32f8614555b34cc4259c3fbc7eec17870e8ff8ded335b58d8c"},
    {file = "black-24.4.2.tar.gz", hash = "sha256:c872b53057f000085da66a19c55d68f6f8ddcac2642392ad3a355878406fbd4d"},
]

[package.dependencies]
click = ">=8.0.0"
mypy-extensions = ">=0.4.3"
packaging = ">=22.0"
pathspec = ">=0.9.0"
platformdirs = ">=2"

[package.extras]
colorama = ["colorama (>=0.4.3)"]
d = ["aiohttp (>=3.7.4)", "aiohttp (>=3.7.4,!=3.9.0)"]
jupyter = ["ipython (>=7.8.0)", "tokenize-rt (>=3.2.0)"]
uvloop = ["uvloop (>=0.15.2)"]

[[package]]
name = "click"
version = "8.1.7"
description = "Composable command line interface toolkit"
optional = false
python-versions = ">=3.7"
files = [
    {file = "click-8.1.7-py3-none-any.whl", hash = "sha256:ae74fb96c20a0277a1d615f1e4d73c8414f5a98db8b799a7931d1582f3390c28"},
    {file = "click-8.1.7.tar.gz", hash = "sha256:ca9853ad459e787e2192211578cc907e7594e294c7ccc834310722b41b9ca6de"},
]

[package.dependencies]
colorama = {version = "*", markers = "platform_system == \"Windows\""}

[[package]]
name = "colorama"
version = "0.4.6"
description = "Cross-platform colored terminal text."
optional = false
python-versions = "!=3.0.*,!=3.1.*,!=3.2.*,!=3.3.*,!=3.4.*,!=3.5.*,!=3.6.*,>=2.7"
files = [
    {file = "colorama-0.4.6-py2.py3-none-any.whl", hash = "sha256:4f1d9991f5acc0ca119f9d443620b77f9d6b33703e51011c16baf57afb285fc6"},
    {file = "colorama-0.4.6.tar.gz", hash = "sha256:08695f5cb7ed6e0531a20572697297273c47b8cae5a63ffc6d6ed5c201be6e44"},
]

[[package]]
name = "django"
version = "5.0.7"
description = "A high-level Python web framework that encourages rapid development and clean, pragmatic design."
optional = false
python-versions = ">=3.10"
files = [
    {file = "Django-5.0.7-py3-none-any.whl", hash = "sha256:f216510ace3de5de01329463a315a629f33480e893a9024fc93d8c32c22913da"},
    {file = "Django-5.0.7.tar.gz", hash = "sha256:bd4505cae0b9bd642313e8fb71810893df5dc2ffcacaa67a33af2d5cd61888f2"},
]

[package.dependencies]
asgiref = ">=3.7.0,<4"
sqlparse = ">=0.3.1"
tzdata = {version = "*", markers = "sys_platform == \"win32\""}

[package.extras]
argon2 = ["argon2-cffi (>=19.1.0)"]
bcrypt = ["bcrypt"]

[[package]]
name = "mmh3"
version = "4.1.0"
description = "Python extension for MurmurHash (MurmurHash3), a set of fast and robust hash functions."
optional = false
python-versions = "*"
files = [
    {file = "mmh3-4.1.0-cp310-cp310-macosx_10_9_universal2.whl", hash = "sha256:be5ac76a8b0cd8095784e51e4c1c9c318c19edcd1709a06eb14979c8d850c31a"},
    {file = "mmh3-4.1.0-cp310-cp310-macosx_10_9_x86_64.whl", hash = "sha256:98a49121afdfab67cd80e912b36404139d7deceb6773a83620137aaa0da5714c"},
    {file = "mmh3-4.1.0-cp310-cp310-macosx_11_0_arm64.whl", hash = "sha256:5259ac0535874366e7d1a5423ef746e0d36a9e3c14509ce6511614bdc5a7ef5b"},
    {file = "mmh3-4.1.0-cp310-cp310-manylinux_2_17_aarch64.manylinux2014_aarch64.whl", hash = "sha256:c5950827ca0453a2be357696da509ab39646044e3fa15cad364eb65d78797437"},
    {file = "mmh3-4.1.0-cp310-cp310-manylinux_2_17_ppc64le.manylinux2014_ppc64le.whl", hash = "sha256:1dd0f652ae99585b9dd26de458e5f08571522f0402155809fd1dc8852a613a39"},
    {file = "mmh3-4.1.0-cp310-cp310-manylinux_2_17_s390x.manylinux2014_s390x.whl", hash = "sha256:99d25548070942fab1e4a6f04d1626d67e66d0b81ed6571ecfca511f3edf07e6"},
    {file = "mmh3-4.1.0-cp310-cp310-manylinux_2_5_i686.manylinux1_i686.manylinux_2_17_i686.manylinux2014_i686.whl", hash = "sha256:53db8d9bad3cb66c8f35cbc894f336273f63489ce4ac416634932e3cbe79eb5b"},
    {file = "mmh3-4.1.0-cp310-cp310-manylinux_2_5_x86_64.manylinux1_x86_64.manylinux_2_17_x86_64.manylinux2014_x86_64.whl", hash = "sha256:75da0f615eb55295a437264cc0b736753f830b09d102aa4c2a7d719bc445ec05"},
    {file = "mmh3-4.1.0-cp310-cp310-musllinux_1_1_aarch64.whl", hash = "sha256:b926b07fd678ea84b3a2afc1fa22ce50aeb627839c44382f3d0291e945621e1a"},
    {file = "mmh3-4.1.0-cp310-cp310-musllinux_1_1_i686.whl", hash = "sha256:c5b053334f9b0af8559d6da9dc72cef0a65b325ebb3e630c680012323c950bb6"},
    {file = "mmh3-4.1.0-cp310-cp310-musllinux_1_1_ppc64le.whl", hash = "sha256:5bf33dc43cd6de2cb86e0aa73a1cc6530f557854bbbe5d59f41ef6de2e353d7b"},
    {file = "mmh3-4.1.0-cp310-cp310-musllinux_1_1_s390x.whl", hash = "sha256:fa7eacd2b830727ba3dd65a365bed8a5c992ecd0c8348cf39a05cc77d22f4970"},
    {file = "mmh3-4.1.0-cp310-cp310-musllinux_1_1_x86_64.whl", hash = "sha256:42dfd6742b9e3eec599f85270617debfa0bbb913c545bb980c8a4fa7b2d047da"},
    {file = "mmh3-4.1.0-cp310-cp310-win32.whl", hash = "sha256:2974ad343f0d39dcc88e93ee6afa96cedc35a9883bc067febd7ff736e207fa47"},
    {file = "mmh3-4.1.0-cp310-cp310-win_amd64.whl", hash = "sha256:74699a8984ded645c1a24d6078351a056f5a5f1fe5838870412a68ac5e28d865"},
    {file = "mmh3-4.1.0-cp310-cp310-win_arm64.whl", hash = "sha256:f0dc874cedc23d46fc488a987faa6ad08ffa79e44fb08e3cd4d4cf2877c00a00"},
    {file = "mmh3-4.1.0-cp311-cp311-macosx_10_9_universal2.whl", hash = "sha256:3280a463855b0eae64b681cd5b9ddd9464b73f81151e87bb7c91a811d25619e6"},
    {file = "mmh3-4.1.0-cp311-cp311-macosx_10_9_x86_64.whl", hash = "sha256:97ac57c6c3301769e757d444fa7c973ceb002cb66534b39cbab5e38de61cd896"},
    {file = "mmh3-4.1.0-cp311-cp311-macosx_11_0_arm64.whl", hash = "sha256:a7b6502cdb4dbd880244818ab363c8770a48cdccecf6d729ade0241b736b5ec0"},
    {file = "mmh3-4.1.0-cp311-cp311-manylinux_2_17_aarch64.manylinux2014_aarch64.whl", hash = "sha256:52ba2da04671a9621580ddabf72f06f0e72c1c9c3b7b608849b58b11080d8f14"},
    {file = "mmh3-4.1.0-cp311-cp311-manylinux_2_17_ppc64le.manylinux2014_ppc64le.whl", hash = "sha256:5a5fef4c4ecc782e6e43fbeab09cff1bac82c998a1773d3a5ee6a3605cde343e"},
    {file = "mmh3-4.1.0-cp311-cp311-manylinux_2_17_s390x.manylinux2014_s390x.whl", hash = "sha256:5135358a7e00991f73b88cdc8eda5203bf9de22120d10a834c5761dbeb07dd13"},
    {file = "mmh3-4.1.0-cp311-cp311-manylinux_2_5_i686.manylinux1_i686.manylinux_2_17_i686.manylinux2014_i686.whl", hash = "sha256:cff9ae76a54f7c6fe0167c9c4028c12c1f6de52d68a31d11b6790bb2ae685560"},
    {file = "mmh3-4.1.0-cp311-cp311-manylinux_2_5_x86_64.manylinux1_x86_64.manylinux_2_17_x86_64.manylinux2014_x86_64.whl", hash = "sha256:f6f02576a4d106d7830ca90278868bf0983554dd69183b7bbe09f2fcd51cf54f"},
    {file = "mmh3-4.1.0-cp311-cp311-musllinux_1_1_aarch64.whl", hash = "sha256:073d57425a23721730d3ff5485e2da489dd3c90b04e86243dd7211f889898106"},
    {file = "mmh3-4.1.0-cp311-cp311-musllinux_1_1_i686.whl", hash = "sha256:71e32ddec7f573a1a0feb8d2cf2af474c50ec21e7a8263026e8d3b4b629805db"},
    {file = "mmh3-4.1.0-cp311-cp311-musllinux_1_1_ppc64le.whl", hash = "sha256:7cbb20b29d57e76a58b40fd8b13a9130db495a12d678d651b459bf61c0714cea"},
    {file = "mmh3-4.1.0-cp311-cp311-musllinux_1_1_s390x.whl", hash = "sha256:a42ad267e131d7847076bb7e31050f6c4378cd38e8f1bf7a0edd32f30224d5c9"},
    {file = "mmh3-4.1.0-cp311-cp311-musllinux_1_1_x86_64.whl", hash = "sha256:4a013979fc9390abadc445ea2527426a0e7a4495c19b74589204f9b71bcaafeb"},
    {file = "mmh3-4.1.0-cp311-cp311-win32.whl", hash = "sha256:1d3b1cdad7c71b7b88966301789a478af142bddcb3a2bee563f7a7d40519a00f"},
    {file = "mmh3-4.1.0-cp311-cp311-win_amd64.whl", hash = "sha256:0dc6dc32eb03727467da8e17deffe004fbb65e8b5ee2b502d36250d7a3f4e2ec"},
    {file = "mmh3-4.1.0-cp311-cp311-win_arm64.whl", hash = "sha256:9ae3a5c1b32dda121c7dc26f9597ef7b01b4c56a98319a7fe86c35b8bc459ae6"},
    {file = "mmh3-4.1.0-cp312-cp312-macosx_10_9_universal2.whl", hash = "sha256:0033d60c7939168ef65ddc396611077a7268bde024f2c23bdc283a19123f9e9c"},
    {file = "mmh3-4.1.0-cp312-cp312-macosx_10_9_x86_64.whl", hash = "sha256:d6af3e2287644b2b08b5924ed3a88c97b87b44ad08e79ca9f93d3470a54a41c5"},
    {file = "mmh3-4.1.0-cp312-cp312-macosx_11_0_arm64.whl", hash = "sha256:d82eb4defa245e02bb0b0dc4f1e7ee284f8d212633389c91f7fba99ba993f0a2"},
    {file = "mmh3-4.1.0-cp312-cp312-manylinux_2_17_aarch64.manylinux2014_aarch64.whl", hash = "sha256:ba245e94b8d54765e14c2d7b6214e832557e7856d5183bc522e17884cab2f45d"},
    {file = "mmh3-4.1.0-cp312-cp312-manylinux_2_17_ppc64le.manylinux2014_ppc64le.whl", hash = "sha256:bb04e2feeabaad6231e89cd43b3d01a4403579aa792c9ab6fdeef45cc58d4ec0"},
    {file = "mmh3-4.1.0-cp312-cp312-manylinux_2_17_s390x.manylinux2014_s390x.whl", hash = "sha256:1e3b1a27def545ce11e36158ba5d5390cdbc300cfe456a942cc89d649cf7e3b2"},
    {file = "mmh3-4.1.0-cp312-cp312-manylinux_2_5_i686.manylinux1_i686.manylinux_2_17_i686.manylinux2014_i686.whl", hash = "sha256:ce0ab79ff736d7044e5e9b3bfe73958a55f79a4ae672e6213e92492ad5e734d5"},
    {file = "mmh3-4.1.0-cp312-cp312-manylinux_2_5_x86_64.manylinux1_x86_64.manylinux_2_17_x86_64.manylinux2014_x86_64.whl", hash = "sha256:3b02268be6e0a8eeb8a924d7db85f28e47344f35c438c1e149878bb1c47b1cd3"},
    {file = "mmh3-4.1.0-cp312-cp312-musllinux_1_1_aarch64.whl", hash = "sha256:deb887f5fcdaf57cf646b1e062d56b06ef2f23421c80885fce18b37143cba828"},
    {file = "mmh3-4.1.0-cp312-cp312-musllinux_1_1_i686.whl", hash = "sha256:99dd564e9e2b512eb117bd0cbf0f79a50c45d961c2a02402787d581cec5448d5"},
    {file = "mmh3-4.1.0-cp312-cp312-musllinux_1_1_ppc64le.whl", hash = "sha256:08373082dfaa38fe97aa78753d1efd21a1969e51079056ff552e687764eafdfe"},
    {file = "mmh3-4.1.0-cp312-cp312-musllinux_1_1_s390x.whl", hash = "sha256:54b9c6a2ea571b714e4fe28d3e4e2db37abfd03c787a58074ea21ee9a8fd1740"},
    {file = "mmh3-4.1.0-cp312-cp312-musllinux_1_1_x86_64.whl", hash = "sha256:a7b1edf24c69e3513f879722b97ca85e52f9032f24a52284746877f6a7304086"},
    {file = "mmh3-4.1.0-cp312-cp312-win32.whl", hash = "sha256:411da64b951f635e1e2284b71d81a5a83580cea24994b328f8910d40bed67276"},
    {file = "mmh3-4.1.0-cp312-cp312-win_amd64.whl", hash = "sha256:bebc3ecb6ba18292e3d40c8712482b4477abd6981c2ebf0e60869bd90f8ac3a9"},
    {file = "mmh3-4.1.0-cp312-cp312-win_arm64.whl", hash = "sha256:168473dd608ade6a8d2ba069600b35199a9af837d96177d3088ca91f2b3798e3"},
    {file = "mmh3-4.1.0-cp38-cp38-macosx_10_9_universal2.whl", hash = "sha256:372f4b7e1dcde175507640679a2a8790185bb71f3640fc28a4690f73da986a3b"},
    {file = "mmh3-4.1.0-cp38-cp38-macosx_10_9_x86_64.whl", hash = "sha256:438584b97f6fe13e944faf590c90fc127682b57ae969f73334040d9fa1c7ffa5"},
    {file = "mmh3-4.1.0-cp38-cp38-macosx_11_0_arm64.whl", hash = "sha256:6e27931b232fc676675fac8641c6ec6b596daa64d82170e8597f5a5b8bdcd3b6"},
    {file = "mmh3-4.1.0-cp38-cp38-manylinux_2_17_aarch64.manylinux2014_aarch64.whl", hash = "sha256:571a92bad859d7b0330e47cfd1850b76c39b615a8d8e7aa5853c1f971fd0c4b1"},
    {file = "mmh3-4.1.0-cp38-cp38-manylinux_2_17_ppc64le.manylinux2014_ppc64le.whl", hash = "sha256:4a69d6afe3190fa08f9e3a58e5145549f71f1f3fff27bd0800313426929c7068"},
    {file = "mmh3-4.1.0-cp38-cp38-manylinux_2_17_s390x.manylinux2014_s390x.whl", hash = "sha256:afb127be0be946b7630220908dbea0cee0d9d3c583fa9114a07156f98566dc28"},
    {file = "mmh3-4.1.0-cp38-cp38-manylinux_2_5_i686.manylinux1_i686.manylinux_2_17_i686.manylinux2014_i686.whl", hash = "sha256:940d86522f36348ef1a494cbf7248ab3f4a1638b84b59e6c9e90408bd11ad729"},
    {file = "mmh3-4.1.0-cp38-cp38-manylinux_2_5_x86_64.manylinux1_x86_64.manylinux_2_17_x86_64.manylinux2014_x86_64.whl", hash = "sha256:b3dcccc4935686619a8e3d1f7b6e97e3bd89a4a796247930ee97d35ea1a39341"},
    {file = "mmh3-4.1.0-cp38-cp38-musllinux_1_1_aarch64.whl", hash = "sha256:01bb9b90d61854dfc2407c5e5192bfb47222d74f29d140cb2dd2a69f2353f7cc"},
    {file = "mmh3-4.1.0-cp38-cp38-musllinux_1_1_i686.whl", hash = "sha256:bcb1b8b951a2c0b0fb8a5426c62a22557e2ffc52539e0a7cc46eb667b5d606a9"},
    {file = "mmh3-4.1.0-cp38-cp38-musllinux_1_1_ppc64le.whl", hash = "sha256:6477a05d5e5ab3168e82e8b106e316210ac954134f46ec529356607900aea82a"},
    {file = "mmh3-4.1.0-cp38-cp38-musllinux_1_1_s390x.whl", hash = "sha256:da5892287e5bea6977364b15712a2573c16d134bc5fdcdd4cf460006cf849278"},
    {file = "mmh3-4.1.0-cp38-cp38-musllinux_1_1_x86_64.whl", hash = "sha256:99180d7fd2327a6fffbaff270f760576839dc6ee66d045fa3a450f3490fda7f5"},
    {file = "mmh3-4.1.0-cp38-cp38-win32.whl", hash = "sha256:9b0d4f3949913a9f9a8fb1bb4cc6ecd52879730aab5ff8c5a3d8f5b593594b73"},
    {file = "mmh3-4.1.0-cp38-cp38-win_amd64.whl", hash = "sha256:598c352da1d945108aee0c3c3cfdd0e9b3edef74108f53b49d481d3990402169"},
    {file = "mmh3-4.1.0-cp39-cp39-macosx_10_9_universal2.whl", hash = "sha256:475d6d1445dd080f18f0f766277e1237fa2914e5fe3307a3b2a3044f30892103"},
    {file = "mmh3-4.1.0-cp39-cp39-macosx_10_9_x86_64.whl", hash = "sha256:5ca07c41e6a2880991431ac717c2a049056fff497651a76e26fc22224e8b5732"},
    {file = "mmh3-4.1.0-cp39-cp39-macosx_11_0_arm64.whl", hash = "sha256:0ebe052fef4bbe30c0548d12ee46d09f1b69035ca5208a7075e55adfe091be44"},
    {file = "mmh3-4.1.0-cp39-cp39-manylinux_2_17_aarch64.manylinux2014_aarch64.whl", hash = "sha256:eaefd42e85afb70f2b855a011f7b4d8a3c7e19c3f2681fa13118e4d8627378c5"},
    {file = "mmh3-4.1.0-cp39-cp39-manylinux_2_17_ppc64le.manylinux2014_ppc64le.whl", hash = "sha256:ac0ae43caae5a47afe1b63a1ae3f0986dde54b5fb2d6c29786adbfb8edc9edfb"},
    {file = "mmh3-4.1.0-cp39-cp39-manylinux_2_17_s390x.manylinux2014_s390x.whl", hash = "sha256:6218666f74c8c013c221e7f5f8a693ac9cf68e5ac9a03f2373b32d77c48904de"},
    {file = "mmh3-4.1.0-cp39-cp39-manylinux_2_5_i686.manylinux1_i686.manylinux_2_17_i686.manylinux2014_i686.whl", hash = "sha256:ac59294a536ba447b5037f62d8367d7d93b696f80671c2c45645fa9f1109413c"},
    {file = "mmh3-4.1.0-cp39-cp39-manylinux_2_5_x86_64.manylinux1_x86_64.manylinux_2_17_x86_64.manylinux2014_x86_64.whl", hash = "sha256:086844830fcd1e5c84fec7017ea1ee8491487cfc877847d96f86f68881569d2e"},
    {file = "mmh3-4.1.0-cp39-cp39-musllinux_1_1_aarch64.whl", hash = "sha256:e42b38fad664f56f77f6fbca22d08450f2464baa68acdbf24841bf900eb98e87"},
    {file = "mmh3-4.1.0-cp39-cp39-musllinux_1_1_i686.whl", hash = "sha256:d08b790a63a9a1cde3b5d7d733ed97d4eb884bfbc92f075a091652d6bfd7709a"},
    {file = "mmh3-4.1.0-cp39-cp39-musllinux_1_1_ppc64le.whl", hash = "sha256:73ea4cc55e8aea28c86799ecacebca09e5f86500414870a8abaedfcbaf74d288"},
    {file = "mmh3-4.1.0-cp39-cp39-musllinux_1_1_s390x.whl", hash = "sha256:f90938ff137130e47bcec8dc1f4ceb02f10178c766e2ef58a9f657ff1f62d124"},
    {file = "mmh3-4.1.0-cp39-cp39-musllinux_1_1_x86_64.whl", hash = "sha256:aa1f13e94b8631c8cd53259250556edcf1de71738936b60febba95750d9632bd"},
    {file = "mmh3-4.1.0-cp39-cp39-win32.whl", hash = "sha256:a3b680b471c181490cf82da2142029edb4298e1bdfcb67c76922dedef789868d"},
    {file = "mmh3-4.1.0-cp39-cp39-win_amd64.whl", hash = "sha256:fefef92e9c544a8dbc08f77a8d1b6d48006a750c4375bbcd5ff8199d761e263b"},
    {file = "mmh3-4.1.0-cp39-cp39-win_arm64.whl", hash = "sha256:8e2c1f6a2b41723a4f82bd5a762a777836d29d664fc0095f17910bea0adfd4a6"},
    {file = "mmh3-4.1.0.tar.gz", hash = "sha256:a1cf25348b9acd229dda464a094d6170f47d2850a1fcb762a3b6172d2ce6ca4a"},
]

[package.extras]
test = ["mypy (>=1.0)", "pytest (>=7.0.0)"]

[[package]]
name = "mypy-extensions"
version = "1.0.0"
description = "Type system extensions for programs checked with the mypy type checker."
optional = false
python-versions = ">=3.5"
files = [
    {file = "mypy_extensions-1.0.0-py3-none-any.whl", hash = "sha256:4392f6c0eb8a5668a69e23d168ffa70f0be9ccfd32b5cc2d26a34ae5b844552d"},
    {file = "mypy_extensions-1.0.0.tar.gz", hash = "sha256:75dbf8955dc00442a438fc4d0666508a9a97b6bd41aa2f0ffe9d2f2725af0782"},
]

[[package]]
name = "numpy"
version = "1.26.1"
description = "Fundamental package for array computing in Python"
optional = false
python-versions = "<3.13,>=3.9"
files = [
    {file = "numpy-1.26.1-cp310-cp310-macosx_10_9_x86_64.whl", hash = "sha256:82e871307a6331b5f09efda3c22e03c095d957f04bf6bc1804f30048d0e5e7af"},
    {file = "numpy-1.26.1-cp310-cp310-macosx_11_0_arm64.whl", hash = "sha256:cdd9ec98f0063d93baeb01aad472a1a0840dee302842a2746a7a8e92968f9575"},
    {file = "numpy-1.26.1-cp310-cp310-manylinux_2_17_aarch64.manylinux2014_aarch64.whl", hash = "sha256:d78f269e0c4fd365fc2992c00353e4530d274ba68f15e968d8bc3c69ce5f5244"},
    {file = "numpy-1.26.1-cp310-cp310-manylinux_2_17_x86_64.manylinux2014_x86_64.whl", hash = "sha256:8ab9163ca8aeb7fd32fe93866490654d2f7dda4e61bc6297bf72ce07fdc02f67"},
    {file = "numpy-1.26.1-cp310-cp310-musllinux_1_1_x86_64.whl", hash = "sha256:78ca54b2f9daffa5f323f34cdf21e1d9779a54073f0018a3094ab907938331a2"},
    {file = "numpy-1.26.1-cp310-cp310-win32.whl", hash = "sha256:d1cfc92db6af1fd37a7bb58e55c8383b4aa1ba23d012bdbba26b4bcca45ac297"},
    {file = "numpy-1.26.1-cp310-cp310-win_amd64.whl", hash = "sha256:d2984cb6caaf05294b8466966627e80bf6c7afd273279077679cb010acb0e5ab"},
    {file = "numpy-1.26.1-cp311-cp311-macosx_10_9_x86_64.whl", hash = "sha256:cd7837b2b734ca72959a1caf3309457a318c934abef7a43a14bb984e574bbb9a"},
    {file = "numpy-1.26.1-cp311-cp311-macosx_11_0_arm64.whl", hash = "sha256:1c59c046c31a43310ad0199d6299e59f57a289e22f0f36951ced1c9eac3665b9"},
    {file = "numpy-1.26.1-cp311-cp311-manylinux_2_17_aarch64.manylinux2014_aarch64.whl", hash = "sha256:d58e8c51a7cf43090d124d5073bc29ab2755822181fcad978b12e144e5e5a4b3"},
    {file = "numpy-1.26.1-cp311-cp311-manylinux_2_17_x86_64.manylinux2014_x86_64.whl", hash = "sha256:6081aed64714a18c72b168a9276095ef9155dd7888b9e74b5987808f0dd0a974"},
    {file = "numpy-1.26.1-cp311-cp311-musllinux_1_1_x86_64.whl", hash = "sha256:97e5d6a9f0702c2863aaabf19f0d1b6c2628fbe476438ce0b5ce06e83085064c"},
    {file = "numpy-1.26.1-cp311-cp311-win32.whl", hash = "sha256:b9d45d1dbb9de84894cc50efece5b09939752a2d75aab3a8b0cef6f3a35ecd6b"},
    {file = "numpy-1.26.1-cp311-cp311-win_amd64.whl", hash = "sha256:3649d566e2fc067597125428db15d60eb42a4e0897fc48d28cb75dc2e0454e53"},
    {file = "numpy-1.26.1-cp312-cp312-macosx_10_9_x86_64.whl", hash = "sha256:1d1bd82d539607951cac963388534da3b7ea0e18b149a53cf883d8f699178c0f"},
    {file = "numpy-1.26.1-cp312-cp312-macosx_11_0_arm64.whl", hash = "sha256:afd5ced4e5a96dac6725daeb5242a35494243f2239244fad10a90ce58b071d24"},
    {file = "numpy-1.26.1-cp312-cp312-manylinux_2_17_aarch64.manylinux2014_aarch64.whl", hash = "sha256:a03fb25610ef560a6201ff06df4f8105292ba56e7cdd196ea350d123fc32e24e"},
    {file = "numpy-1.26.1-cp312-cp312-manylinux_2_17_x86_64.manylinux2014_x86_64.whl", hash = "sha256:dcfaf015b79d1f9f9c9fd0731a907407dc3e45769262d657d754c3a028586124"},
    {file = "numpy-1.26.1-cp312-cp312-musllinux_1_1_x86_64.whl", hash = "sha256:e509cbc488c735b43b5ffea175235cec24bbc57b227ef1acc691725beb230d1c"},
    {file = "numpy-1.26.1-cp312-cp312-win32.whl", hash = "sha256:af22f3d8e228d84d1c0c44c1fbdeb80f97a15a0abe4f080960393a00db733b66"},
    {file = "numpy-1.26.1-cp312-cp312-win_amd64.whl", hash = "sha256:9f42284ebf91bdf32fafac29d29d4c07e5e9d1af862ea73686581773ef9e73a7"},
    {file = "numpy-1.26.1-cp39-cp39-macosx_10_9_x86_64.whl", hash = "sha256:bb894accfd16b867d8643fc2ba6c8617c78ba2828051e9a69511644ce86ce83e"},
    {file = "numpy-1.26.1-cp39-cp39-macosx_11_0_arm64.whl", hash = "sha256:e44ccb93f30c75dfc0c3aa3ce38f33486a75ec9abadabd4e59f114994a9c4617"},
    {file = "numpy-1.26.1-cp39-cp39-manylinux_2_17_aarch64.manylinux2014_aarch64.whl", hash = "sha256:9696aa2e35cc41e398a6d42d147cf326f8f9d81befcb399bc1ed7ffea339b64e"},
    {file = "numpy-1.26.1-cp39-cp39-manylinux_2_17_x86_64.manylinux2014_x86_64.whl", hash = "sha256:a5b411040beead47a228bde3b2241100454a6abde9df139ed087bd73fc0a4908"},
    {file = "numpy-1.26.1-cp39-cp39-musllinux_1_1_x86_64.whl", hash = "sha256:1e11668d6f756ca5ef534b5be8653d16c5352cbb210a5c2a79ff288e937010d5"},
    {file = "numpy-1.26.1-cp39-cp39-win32.whl", hash = "sha256:d1d2c6b7dd618c41e202c59c1413ef9b2c8e8a15f5039e344af64195459e3104"},
    {file = "numpy-1.26.1-cp39-cp39-win_amd64.whl", hash = "sha256:59227c981d43425ca5e5c01094d59eb14e8772ce6975d4b2fc1e106a833d5ae2"},
    {file = "numpy-1.26.1-pp39-pypy39_pp73-macosx_10_9_x86_64.whl", hash = "sha256:06934e1a22c54636a059215d6da99e23286424f316fddd979f5071093b648668"},
    {file = "numpy-1.26.1-pp39-pypy39_pp73-manylinux_2_17_x86_64.manylinux2014_x86_64.whl", hash = "sha256:76ff661a867d9272cd2a99eed002470f46dbe0943a5ffd140f49be84f68ffc42"},
    {file = "numpy-1.26.1-pp39-pypy39_pp73-win_amd64.whl", hash = "sha256:6965888d65d2848e8768824ca8288db0a81263c1efccec881cb35a0d805fcd2f"},
    {file = "numpy-1.26.1.tar.gz", hash = "sha256:c8c6c72d4a9f831f328efb1312642a1cafafaa88981d9ab76368d50d07d93cbe"},
]

[[package]]
name = "packaging"
version = "24.1"
description = "Core utilities for Python packages"
optional = false
python-versions = ">=3.8"
files = [
    {file = "packaging-24.1-py3-none-any.whl", hash = "sha256:5b8f2217dbdbd2f7f384c41c628544e6d52f2d0f53c6d0c3ea61aa5d1d7ff124"},
    {file = "packaging-24.1.tar.gz", hash = "sha256:026ed72c8ed3fcce5bf8950572258698927fd1dbda10a5e981cdf0ac37f4f002"},
]

[[package]]
name = "pandas"
version = "2.1.4"
description = "Powerful data structures for data analysis, time series, and statistics"
optional = false
python-versions = ">=3.9"
files = [
    {file = "pandas-2.1.4-cp310-cp310-macosx_10_9_x86_64.whl", hash = "sha256:bdec823dc6ec53f7a6339a0e34c68b144a7a1fd28d80c260534c39c62c5bf8c9"},
    {file = "pandas-2.1.4-cp310-cp310-macosx_11_0_arm64.whl", hash = "sha256:294d96cfaf28d688f30c918a765ea2ae2e0e71d3536754f4b6de0ea4a496d034"},
    {file = "pandas-2.1.4-cp310-cp310-manylinux_2_17_aarch64.manylinux2014_aarch64.whl", hash = "sha256:6b728fb8deba8905b319f96447a27033969f3ea1fea09d07d296c9030ab2ed1d"},
    {file = "pandas-2.1.4-cp310-cp310-manylinux_2_17_x86_64.manylinux2014_x86_64.whl", hash = "sha256:00028e6737c594feac3c2df15636d73ace46b8314d236100b57ed7e4b9ebe8d9"},
    {file = "pandas-2.1.4-cp310-cp310-musllinux_1_1_x86_64.whl", hash = "sha256:426dc0f1b187523c4db06f96fb5c8d1a845e259c99bda74f7de97bd8a3bb3139"},
    {file = "pandas-2.1.4-cp310-cp310-win_amd64.whl", hash = "sha256:f237e6ca6421265643608813ce9793610ad09b40154a3344a088159590469e46"},
    {file = "pandas-2.1.4-cp311-cp311-macosx_10_9_x86_64.whl", hash = "sha256:b7d852d16c270e4331f6f59b3e9aa23f935f5c4b0ed2d0bc77637a8890a5d092"},
    {file = "pandas-2.1.4-cp311-cp311-macosx_11_0_arm64.whl", hash = "sha256:bd7d5f2f54f78164b3d7a40f33bf79a74cdee72c31affec86bfcabe7e0789821"},
    {file = "pandas-2.1.4-cp311-cp311-manylinux_2_17_aarch64.manylinux2014_aarch64.whl", hash = "sha256:0aa6e92e639da0d6e2017d9ccff563222f4eb31e4b2c3cf32a2a392fc3103c0d"},
    {file = "pandas-2.1.4-cp311-cp311-manylinux_2_17_x86_64.manylinux2014_x86_64.whl", hash = "sha256:d797591b6846b9db79e65dc2d0d48e61f7db8d10b2a9480b4e3faaddc421a171"},
    {file = "pandas-2.1.4-cp311-cp311-musllinux_1_1_x86_64.whl", hash = "sha256:d2d3e7b00f703aea3945995ee63375c61b2e6aa5aa7871c5d622870e5e137623"},
    {file = "pandas-2.1.4-cp311-cp311-win_amd64.whl", hash = "sha256:dc9bf7ade01143cddc0074aa6995edd05323974e6e40d9dbde081021ded8510e"},
    {file = "pandas-2.1.4-cp312-cp312-macosx_10_9_x86_64.whl", hash = "sha256:482d5076e1791777e1571f2e2d789e940dedd927325cc3cb6d0800c6304082f6"},
    {file = "pandas-2.1.4-cp312-cp312-macosx_11_0_arm64.whl", hash = "sha256:8a706cfe7955c4ca59af8c7a0517370eafbd98593155b48f10f9811da440248b"},
    {file = "pandas-2.1.4-cp312-cp312-manylinux_2_17_aarch64.manylinux2014_aarch64.whl", hash = "sha256:b0513a132a15977b4a5b89aabd304647919bc2169eac4c8536afb29c07c23540"},
    {file = "pandas-2.1.4-cp312-cp312-manylinux_2_17_x86_64.manylinux2014_x86_64.whl", hash = "sha256:e9f17f2b6fc076b2a0078862547595d66244db0f41bf79fc5f64a5c4d635bead"},
    {file = "pandas-2.1.4-cp312-cp312-musllinux_1_1_x86_64.whl", hash = "sha256:45d63d2a9b1b37fa6c84a68ba2422dc9ed018bdaa668c7f47566a01188ceeec1"},
    {file = "pandas-2.1.4-cp312-cp312-win_amd64.whl", hash = "sha256:f69b0c9bb174a2342818d3e2778584e18c740d56857fc5cdb944ec8bbe4082cf"},
    {file = "pandas-2.1.4-cp39-cp39-macosx_10_9_x86_64.whl", hash = "sha256:3f06bda01a143020bad20f7a85dd5f4a1600112145f126bc9e3e42077c24ef34"},
    {file = "pandas-2.1.4-cp39-cp39-macosx_11_0_arm64.whl", hash = "sha256:ab5796839eb1fd62a39eec2916d3e979ec3130509930fea17fe6f81e18108f6a"},
    {file = "pandas-2.1.4-cp39-cp39-manylinux_2_17_aarch64.manylinux2014_aarch64.whl", hash = "sha256:edbaf9e8d3a63a9276d707b4d25930a262341bca9874fcb22eff5e3da5394732"},
    {file = "pandas-2.1.4-cp39-cp39-manylinux_2_17_x86_64.manylinux2014_x86_64.whl", hash = "sha256:1ebfd771110b50055712b3b711b51bee5d50135429364d0498e1213a7adc2be8"},
    {file = "pandas-2.1.4-cp39-cp39-musllinux_1_1_x86_64.whl", hash = "sha256:8ea107e0be2aba1da619cc6ba3f999b2bfc9669a83554b1904ce3dd9507f0860"},
    {file = "pandas-2.1.4-cp39-cp39-win_amd64.whl", hash = "sha256:d65148b14788b3758daf57bf42725caa536575da2b64df9964c563b015230984"},
    {file = "pandas-2.1.4.tar.gz", hash = "sha256:fcb68203c833cc735321512e13861358079a96c174a61f5116a1de89c58c0ef7"},
]

[package.dependencies]
numpy = {version = ">=1.26.0,<2", markers = "python_version >= \"3.12\""}
python-dateutil = ">=2.8.2"
pytz = ">=2020.1"
tzdata = ">=2022.1"

[package.extras]
all = ["PyQt5 (>=5.15.6)", "SQLAlchemy (>=1.4.36)", "beautifulsoup4 (>=4.11.1)", "bottleneck (>=1.3.4)", "dataframe-api-compat (>=0.1.7)", "fastparquet (>=0.8.1)", "fsspec (>=2022.05.0)", "gcsfs (>=2022.05.0)", "html5lib (>=1.1)", "hypothesis (>=6.46.1)", "jinja2 (>=3.1.2)", "lxml (>=4.8.0)", "matplotlib (>=3.6.1)", "numba (>=0.55.2)", "numexpr (>=2.8.0)", "odfpy (>=1.4.1)", "openpyxl (>=3.0.10)", "pandas-gbq (>=0.17.5)", "psycopg2 (>=2.9.3)", "pyarrow (>=7.0.0)", "pymysql (>=1.0.2)", "pyreadstat (>=1.1.5)", "pytest (>=7.3.2)", "pytest-xdist (>=2.2.0)", "pyxlsb (>=1.0.9)", "qtpy (>=2.2.0)", "s3fs (>=2022.05.0)", "scipy (>=1.8.1)", "tables (>=3.7.0)", "tabulate (>=0.8.10)", "xarray (>=2022.03.0)", "xlrd (>=2.0.1)", "xlsxwriter (>=3.0.3)", "zstandard (>=0.17.0)"]
aws = ["s3fs (>=2022.05.0)"]
clipboard = ["PyQt5 (>=5.15.6)", "qtpy (>=2.2.0)"]
compression = ["zstandard (>=0.17.0)"]
computation = ["scipy (>=1.8.1)", "xarray (>=2022.03.0)"]
consortium-standard = ["dataframe-api-compat (>=0.1.7)"]
excel = ["odfpy (>=1.4.1)", "openpyxl (>=3.0.10)", "pyxlsb (>=1.0.9)", "xlrd (>=2.0.1)", "xlsxwriter (>=3.0.3)"]
feather = ["pyarrow (>=7.0.0)"]
fss = ["fsspec (>=2022.05.0)"]
gcp = ["gcsfs (>=2022.05.0)", "pandas-gbq (>=0.17.5)"]
hdf5 = ["tables (>=3.7.0)"]
html = ["beautifulsoup4 (>=4.11.1)", "html5lib (>=1.1)", "lxml (>=4.8.0)"]
mysql = ["SQLAlchemy (>=1.4.36)", "pymysql (>=1.0.2)"]
output-formatting = ["jinja2 (>=3.1.2)", "tabulate (>=0.8.10)"]
parquet = ["pyarrow (>=7.0.0)"]
performance = ["bottleneck (>=1.3.4)", "numba (>=0.55.2)", "numexpr (>=2.8.0)"]
plot = ["matplotlib (>=3.6.1)"]
postgresql = ["SQLAlchemy (>=1.4.36)", "psycopg2 (>=2.9.3)"]
spss = ["pyreadstat (>=1.1.5)"]
sql-other = ["SQLAlchemy (>=1.4.36)"]
test = ["hypothesis (>=6.46.1)", "pytest (>=7.3.2)", "pytest-xdist (>=2.2.0)"]
xml = ["lxml (>=4.8.0)"]

[[package]]
name = "pathspec"
version = "0.12.1"
description = "Utility library for gitignore style pattern matching of file paths."
optional = false
python-versions = ">=3.8"
files = [
    {file = "pathspec-0.12.1-py3-none-any.whl", hash = "sha256:a0d503e138a4c123b27490a4f7beda6a01c6f288df0e4a8b79c7eb0dc7b4cc08"},
    {file = "pathspec-0.12.1.tar.gz", hash = "sha256:a482d51503a1ab33b1c67a6c3813a26953dbdc71c31dacaef9a838c4e29f5712"},
]

[[package]]
name = "platformdirs"
version = "4.2.2"
description = "A small Python package for determining appropriate platform-specific dirs, e.g. a `user data dir`."
optional = false
python-versions = ">=3.8"
files = [
    {file = "platformdirs-4.2.2-py3-none-any.whl", hash = "sha256:2d7a1657e36a80ea911db832a8a6ece5ee53d8de21edd5cc5879af6530b1bfee"},
    {file = "platformdirs-4.2.2.tar.gz", hash = "sha256:38b7b51f512eed9e84a22788b4bce1de17c0adb134d6becb09836e37d8654cd3"},
]

[package.extras]
docs = ["furo (>=2023.9.10)", "proselint (>=0.13)", "sphinx (>=7.2.6)", "sphinx-autodoc-typehints (>=1.25.2)"]
test = ["appdirs (==1.4.4)", "covdefaults (>=2.3)", "pytest (>=7.4.3)", "pytest-cov (>=4.1)", "pytest-mock (>=3.12)"]
type = ["mypy (>=1.8)"]

[[package]]
name = "psycopg2-binary"
version = "2.9.9"
description = "psycopg2 - Python-PostgreSQL Database Adapter"
optional = false
python-versions = ">=3.7"
files = [
    {file = "psycopg2-binary-2.9.9.tar.gz", hash = "sha256:7f01846810177d829c7692f1f5ada8096762d9172af1b1a28d4ab5b77c923c1c"},
    {file = "psycopg2_binary-2.9.9-cp310-cp310-macosx_10_9_x86_64.whl", hash = "sha256:c2470da5418b76232f02a2fcd2229537bb2d5a7096674ce61859c3229f2eb202"},
    {file = "psycopg2_binary-2.9.9-cp310-cp310-macosx_11_0_arm64.whl", hash = "sha256:c6af2a6d4b7ee9615cbb162b0738f6e1fd1f5c3eda7e5da17861eacf4c717ea7"},
    {file = "psycopg2_binary-2.9.9-cp310-cp310-manylinux_2_17_aarch64.manylinux2014_aarch64.whl", hash = "sha256:75723c3c0fbbf34350b46a3199eb50638ab22a0228f93fb472ef4d9becc2382b"},
    {file = "psycopg2_binary-2.9.9-cp310-cp310-manylinux_2_17_i686.manylinux2014_i686.whl", hash = "sha256:83791a65b51ad6ee6cf0845634859d69a038ea9b03d7b26e703f94c7e93dbcf9"},
    {file = "psycopg2_binary-2.9.9-cp310-cp310-manylinux_2_17_ppc64le.manylinux2014_ppc64le.whl", hash = "sha256:0ef4854e82c09e84cc63084a9e4ccd6d9b154f1dbdd283efb92ecd0b5e2b8c84"},
    {file = "psycopg2_binary-2.9.9-cp310-cp310-manylinux_2_17_x86_64.manylinux2014_x86_64.whl", hash = "sha256:ed1184ab8f113e8d660ce49a56390ca181f2981066acc27cf637d5c1e10ce46e"},
    {file = "psycopg2_binary-2.9.9-cp310-cp310-musllinux_1_1_aarch64.whl", hash = "sha256:d2997c458c690ec2bc6b0b7ecbafd02b029b7b4283078d3b32a852a7ce3ddd98"},
    {file = "psycopg2_binary-2.9.9-cp310-cp310-musllinux_1_1_i686.whl", hash = "sha256:b58b4710c7f4161b5e9dcbe73bb7c62d65670a87df7bcce9e1faaad43e715245"},
    {file = "psycopg2_binary-2.9.9-cp310-cp310-musllinux_1_1_ppc64le.whl", hash = "sha256:0c009475ee389757e6e34611d75f6e4f05f0cf5ebb76c6037508318e1a1e0d7e"},
    {file = "psycopg2_binary-2.9.9-cp310-cp310-musllinux_1_1_x86_64.whl", hash = "sha256:8dbf6d1bc73f1d04ec1734bae3b4fb0ee3cb2a493d35ede9badbeb901fb40f6f"},
    {file = "psycopg2_binary-2.9.9-cp310-cp310-win32.whl", hash = "sha256:3f78fd71c4f43a13d342be74ebbc0666fe1f555b8837eb113cb7416856c79682"},
    {file = "psycopg2_binary-2.9.9-cp310-cp310-win_amd64.whl", hash = "sha256:876801744b0dee379e4e3c38b76fc89f88834bb15bf92ee07d94acd06ec890a0"},
    {file = "psycopg2_binary-2.9.9-cp311-cp311-macosx_10_9_x86_64.whl", hash = "sha256:ee825e70b1a209475622f7f7b776785bd68f34af6e7a46e2e42f27b659b5bc26"},
    {file = "psycopg2_binary-2.9.9-cp311-cp311-macosx_11_0_arm64.whl", hash = "sha256:1ea665f8ce695bcc37a90ee52de7a7980be5161375d42a0b6c6abedbf0d81f0f"},
    {file = "psycopg2_binary-2.9.9-cp311-cp311-manylinux_2_17_aarch64.manylinux2014_aarch64.whl", hash = "sha256:143072318f793f53819048fdfe30c321890af0c3ec7cb1dfc9cc87aa88241de2"},
    {file = "psycopg2_binary-2.9.9-cp311-cp311-manylinux_2_17_i686.manylinux2014_i686.whl", hash = "sha256:c332c8d69fb64979ebf76613c66b985414927a40f8defa16cf1bc028b7b0a7b0"},
    {file = "psycopg2_binary-2.9.9-cp311-cp311-manylinux_2_17_ppc64le.manylinux2014_ppc64le.whl", hash = "sha256:f7fc5a5acafb7d6ccca13bfa8c90f8c51f13d8fb87d95656d3950f0158d3ce53"},
    {file = "psycopg2_binary-2.9.9-cp311-cp311-manylinux_2_17_x86_64.manylinux2014_x86_64.whl", hash = "sha256:977646e05232579d2e7b9c59e21dbe5261f403a88417f6a6512e70d3f8a046be"},
    {file = "psycopg2_binary-2.9.9-cp311-cp311-musllinux_1_1_aarch64.whl", hash = "sha256:b6356793b84728d9d50ead16ab43c187673831e9d4019013f1402c41b1db9b27"},
    {file = "psycopg2_binary-2.9.9-cp311-cp311-musllinux_1_1_i686.whl", hash = "sha256:bc7bb56d04601d443f24094e9e31ae6deec9ccb23581f75343feebaf30423359"},
    {file = "psycopg2_binary-2.9.9-cp311-cp311-musllinux_1_1_ppc64le.whl", hash = "sha256:77853062a2c45be16fd6b8d6de2a99278ee1d985a7bd8b103e97e41c034006d2"},
    {file = "psycopg2_binary-2.9.9-cp311-cp311-musllinux_1_1_x86_64.whl", hash = "sha256:78151aa3ec21dccd5cdef6c74c3e73386dcdfaf19bced944169697d7ac7482fc"},
    {file = "psycopg2_binary-2.9.9-cp311-cp311-win32.whl", hash = "sha256:dc4926288b2a3e9fd7b50dc6a1909a13bbdadfc67d93f3374d984e56f885579d"},
    {file = "psycopg2_binary-2.9.9-cp311-cp311-win_amd64.whl", hash = "sha256:b76bedd166805480ab069612119ea636f5ab8f8771e640ae103e05a4aae3e417"},
    {file = "psycopg2_binary-2.9.9-cp312-cp312-macosx_10_9_x86_64.whl", hash = "sha256:8532fd6e6e2dc57bcb3bc90b079c60de896d2128c5d9d6f24a63875a95a088cf"},
    {file = "psycopg2_binary-2.9.9-cp312-cp312-macosx_11_0_arm64.whl", hash = "sha256:b0605eaed3eb239e87df0d5e3c6489daae3f7388d455d0c0b4df899519c6a38d"},
    {file = "psycopg2_binary-2.9.9-cp312-cp312-manylinux_2_17_aarch64.manylinux2014_aarch64.whl", hash = "sha256:8f8544b092a29a6ddd72f3556a9fcf249ec412e10ad28be6a0c0d948924f2212"},
    {file = "psycopg2_binary-2.9.9-cp312-cp312-manylinux_2_17_i686.manylinux2014_i686.whl", hash = "sha256:2d423c8d8a3c82d08fe8af900ad5b613ce3632a1249fd6a223941d0735fce493"},
    {file = "psycopg2_binary-2.9.9-cp312-cp312-manylinux_2_17_ppc64le.manylinux2014_ppc64le.whl", hash = "sha256:2e5afae772c00980525f6d6ecf7cbca55676296b580c0e6abb407f15f3706996"},
    {file = "psycopg2_binary-2.9.9-cp312-cp312-manylinux_2_17_x86_64.manylinux2014_x86_64.whl", hash = "sha256:6e6f98446430fdf41bd36d4faa6cb409f5140c1c2cf58ce0bbdaf16af7d3f119"},
    {file = "psycopg2_binary-2.9.9-cp312-cp312-musllinux_1_1_aarch64.whl", hash = "sha256:c77e3d1862452565875eb31bdb45ac62502feabbd53429fdc39a1cc341d681ba"},
    {file = "psycopg2_binary-2.9.9-cp312-cp312-musllinux_1_1_i686.whl", hash = "sha256:cb16c65dcb648d0a43a2521f2f0a2300f40639f6f8c1ecbc662141e4e3e1ee07"},
    {file = "psycopg2_binary-2.9.9-cp312-cp312-musllinux_1_1_ppc64le.whl", hash = "sha256:911dda9c487075abd54e644ccdf5e5c16773470a6a5d3826fda76699410066fb"},
    {file = "psycopg2_binary-2.9.9-cp312-cp312-musllinux_1_1_x86_64.whl", hash = "sha256:57fede879f08d23c85140a360c6a77709113efd1c993923c59fde17aa27599fe"},
    {file = "psycopg2_binary-2.9.9-cp312-cp312-win32.whl", hash = "sha256:64cf30263844fa208851ebb13b0732ce674d8ec6a0c86a4e160495d299ba3c93"},
    {file = "psycopg2_binary-2.9.9-cp312-cp312-win_amd64.whl", hash = "sha256:81ff62668af011f9a48787564ab7eded4e9fb17a4a6a74af5ffa6a457400d2ab"},
    {file = "psycopg2_binary-2.9.9-cp37-cp37m-macosx_10_9_x86_64.whl", hash = "sha256:2293b001e319ab0d869d660a704942c9e2cce19745262a8aba2115ef41a0a42a"},
    {file = "psycopg2_binary-2.9.9-cp37-cp37m-manylinux_2_17_aarch64.manylinux2014_aarch64.whl", hash = "sha256:03ef7df18daf2c4c07e2695e8cfd5ee7f748a1d54d802330985a78d2a5a6dca9"},
    {file = "psycopg2_binary-2.9.9-cp37-cp37m-manylinux_2_17_i686.manylinux2014_i686.whl", hash = "sha256:0a602ea5aff39bb9fac6308e9c9d82b9a35c2bf288e184a816002c9fae930b77"},
    {file = "psycopg2_binary-2.9.9-cp37-cp37m-manylinux_2_17_ppc64le.manylinux2014_ppc64le.whl", hash = "sha256:8359bf4791968c5a78c56103702000105501adb557f3cf772b2c207284273984"},
    {file = "psycopg2_binary-2.9.9-cp37-cp37m-manylinux_2_17_x86_64.manylinux2014_x86_64.whl", hash = "sha256:275ff571376626195ab95a746e6a04c7df8ea34638b99fc11160de91f2fef503"},
    {file = "psycopg2_binary-2.9.9-cp37-cp37m-musllinux_1_1_aarch64.whl", hash = "sha256:f9b5571d33660d5009a8b3c25dc1db560206e2d2f89d3df1cb32d72c0d117d52"},
    {file = "psycopg2_binary-2.9.9-cp37-cp37m-musllinux_1_1_i686.whl", hash = "sha256:420f9bbf47a02616e8554e825208cb947969451978dceb77f95ad09c37791dae"},
    {file = "psycopg2_binary-2.9.9-cp37-cp37m-musllinux_1_1_ppc64le.whl", hash = "sha256:4154ad09dac630a0f13f37b583eae260c6aa885d67dfbccb5b02c33f31a6d420"},
    {file = "psycopg2_binary-2.9.9-cp37-cp37m-musllinux_1_1_x86_64.whl", hash = "sha256:a148c5d507bb9b4f2030a2025c545fccb0e1ef317393eaba42e7eabd28eb6041"},
    {file = "psycopg2_binary-2.9.9-cp37-cp37m-win32.whl", hash = "sha256:68fc1f1ba168724771e38bee37d940d2865cb0f562380a1fb1ffb428b75cb692"},
    {file = "psycopg2_binary-2.9.9-cp37-cp37m-win_amd64.whl", hash = "sha256:281309265596e388ef483250db3640e5f414168c5a67e9c665cafce9492eda2f"},
    {file = "psycopg2_binary-2.9.9-cp38-cp38-macosx_10_9_x86_64.whl", hash = "sha256:60989127da422b74a04345096c10d416c2b41bd7bf2a380eb541059e4e999980"},
    {file = "psycopg2_binary-2.9.9-cp38-cp38-macosx_11_0_arm64.whl", hash = "sha256:246b123cc54bb5361588acc54218c8c9fb73068bf227a4a531d8ed56fa3ca7d6"},
    {file = "psycopg2_binary-2.9.9-cp38-cp38-manylinux_2_17_aarch64.manylinux2014_aarch64.whl", hash = "sha256:34eccd14566f8fe14b2b95bb13b11572f7c7d5c36da61caf414d23b91fcc5d94"},
    {file = "psycopg2_binary-2.9.9-cp38-cp38-manylinux_2_17_i686.manylinux2014_i686.whl", hash = "sha256:18d0ef97766055fec15b5de2c06dd8e7654705ce3e5e5eed3b6651a1d2a9a152"},
    {file = "psycopg2_binary-2.9.9-cp38-cp38-manylinux_2_17_ppc64le.manylinux2014_ppc64le.whl", hash = "sha256:d3f82c171b4ccd83bbaf35aa05e44e690113bd4f3b7b6cc54d2219b132f3ae55"},
    {file = "psycopg2_binary-2.9.9-cp38-cp38-manylinux_2_17_x86_64.manylinux2014_x86_64.whl", hash = "sha256:ead20f7913a9c1e894aebe47cccf9dc834e1618b7aa96155d2091a626e59c972"},
    {file = "psycopg2_binary-2.9.9-cp38-cp38-musllinux_1_1_aarch64.whl", hash = "sha256:ca49a8119c6cbd77375ae303b0cfd8c11f011abbbd64601167ecca18a87e7cdd"},
    {file = "psycopg2_binary-2.9.9-cp38-cp38-musllinux_1_1_i686.whl", hash = "sha256:323ba25b92454adb36fa425dc5cf6f8f19f78948cbad2e7bc6cdf7b0d7982e59"},
    {file = "psycopg2_binary-2.9.9-cp38-cp38-musllinux_1_1_ppc64le.whl", hash = "sha256:1236ed0952fbd919c100bc839eaa4a39ebc397ed1c08a97fc45fee2a595aa1b3"},
    {file = "psycopg2_binary-2.9.9-cp38-cp38-musllinux_1_1_x86_64.whl", hash = "sha256:729177eaf0aefca0994ce4cffe96ad3c75e377c7b6f4efa59ebf003b6d398716"},
    {file = "psycopg2_binary-2.9.9-cp38-cp38-win32.whl", hash = "sha256:804d99b24ad523a1fe18cc707bf741670332f7c7412e9d49cb5eab67e886b9b5"},
    {file = "psycopg2_binary-2.9.9-cp38-cp38-win_amd64.whl", hash = "sha256:a6cdcc3ede532f4a4b96000b6362099591ab4a3e913d70bcbac2b56c872446f7"},
    {file = "psycopg2_binary-2.9.9-cp39-cp39-macosx_10_9_x86_64.whl", hash = "sha256:72dffbd8b4194858d0941062a9766f8297e8868e1dd07a7b36212aaa90f49472"},
    {file = "psycopg2_binary-2.9.9-cp39-cp39-macosx_11_0_arm64.whl", hash = "sha256:30dcc86377618a4c8f3b72418df92e77be4254d8f89f14b8e8f57d6d43603c0f"},
    {file = "psycopg2_binary-2.9.9-cp39-cp39-manylinux_2_17_aarch64.manylinux2014_aarch64.whl", hash = "sha256:31a34c508c003a4347d389a9e6fcc2307cc2150eb516462a7a17512130de109e"},
    {file = "psycopg2_binary-2.9.9-cp39-cp39-manylinux_2_17_i686.manylinux2014_i686.whl", hash = "sha256:15208be1c50b99203fe88d15695f22a5bed95ab3f84354c494bcb1d08557df67"},
    {file = "psycopg2_binary-2.9.9-cp39-cp39-manylinux_2_17_ppc64le.manylinux2014_ppc64le.whl", hash = "sha256:1873aade94b74715be2246321c8650cabf5a0d098a95bab81145ffffa4c13876"},
    {file = "psycopg2_binary-2.9.9-cp39-cp39-manylinux_2_17_x86_64.manylinux2014_x86_64.whl", hash = "sha256:3a58c98a7e9c021f357348867f537017057c2ed7f77337fd914d0bedb35dace7"},
    {file = "psycopg2_binary-2.9.9-cp39-cp39-musllinux_1_1_aarch64.whl", hash = "sha256:4686818798f9194d03c9129a4d9a702d9e113a89cb03bffe08c6cf799e053291"},
    {file = "psycopg2_binary-2.9.9-cp39-cp39-musllinux_1_1_i686.whl", hash = "sha256:ebdc36bea43063116f0486869652cb2ed7032dbc59fbcb4445c4862b5c1ecf7f"},
    {file = "psycopg2_binary-2.9.9-cp39-cp39-musllinux_1_1_ppc64le.whl", hash = "sha256:ca08decd2697fdea0aea364b370b1249d47336aec935f87b8bbfd7da5b2ee9c1"},
    {file = "psycopg2_binary-2.9.9-cp39-cp39-musllinux_1_1_x86_64.whl", hash = "sha256:ac05fb791acf5e1a3e39402641827780fe44d27e72567a000412c648a85ba860"},
    {file = "psycopg2_binary-2.9.9-cp39-cp39-win32.whl", hash = "sha256:9dba73be7305b399924709b91682299794887cbbd88e38226ed9f6712eabee90"},
    {file = "psycopg2_binary-2.9.9-cp39-cp39-win_amd64.whl", hash = "sha256:f7ae5d65ccfbebdfa761585228eb4d0df3a8b15cfb53bd953e713e09fbb12957"},
]

[[package]]
name = "psycopg2-pool"
version = "1.2"
description = "Proper pooling of psycopg2 connections"
optional = false
python-versions = ">=3.3"
files = [
    {file = "psycopg2-pool-1.2.tar.gz", hash = "sha256:e9ec38d5af15b7cef5546452797935129c99482b25646f258a21786bfb826bf3"},
    {file = "psycopg2_pool-1.2-py2.py3-none-any.whl", hash = "sha256:3c8251f6fac3145eb4c5bf3407bb61543dbbcbb8117af1341cd7a8b5468aedbb"},
]

[package.dependencies]
psycopg2-binary = "*"

[[package]]
name = "python-dateutil"
version = "2.8.2"
description = "Extensions to the standard Python datetime module"
optional = false
python-versions = "!=3.0.*,!=3.1.*,!=3.2.*,>=2.7"
files = [
    {file = "python-dateutil-2.8.2.tar.gz", hash = "sha256:0123cacc1627ae19ddf3c27a5de5bd67ee4586fbdd6440d9748f8abb483d3e86"},
    {file = "python_dateutil-2.8.2-py2.py3-none-any.whl", hash = "sha256:961d03dc3453ebbc59dbdea9e4e11c5651520a876d0f4db161e8674aae935da9"},
]

[package.dependencies]
six = ">=1.5"

[[package]]
name = "python-dotenv"
version = "1.0.0"
description = "Read key-value pairs from a .env file and set them as environment variables"
optional = false
python-versions = ">=3.8"
files = [
    {file = "python-dotenv-1.0.0.tar.gz", hash = "sha256:a8df96034aae6d2d50a4ebe8216326c61c3eb64836776504fcca410e5937a3ba"},
    {file = "python_dotenv-1.0.0-py3-none-any.whl", hash = "sha256:f5971a9226b701070a4bf2c38c89e5a3f0d64de8debda981d1db98583009122a"},
]

[package.extras]
cli = ["click (>=5.0)"]

[[package]]
name = "pytz"
version = "2023.3.post1"
description = "World timezone definitions, modern and historical"
optional = false
python-versions = "*"
files = [
    {file = "pytz-2023.3.post1-py2.py3-none-any.whl", hash = "sha256:ce42d816b81b68506614c11e8937d3aa9e41007ceb50bfdcb0749b921bf646c7"},
    {file = "pytz-2023.3.post1.tar.gz", hash = "sha256:7b4fddbeb94a1eba4b557da24f19fdf9db575192544270a9101d8509f9f43d7b"},
]

[[package]]
name = "six"
version = "1.16.0"
description = "Python 2 and 3 compatibility utilities"
optional = false
python-versions = ">=2.7, !=3.0.*, !=3.1.*, !=3.2.*"
files = [
    {file = "six-1.16.0-py2.py3-none-any.whl", hash = "sha256:8abb2f1d86890a2dfb989f9a77cfcfd3e47c2a354b01111771326f8aa26e0254"},
    {file = "six-1.16.0.tar.gz", hash = "sha256:1e61c37477a1626458e36f7b1d82aa5c9b094fa4802892072e49de9c60c4c926"},
]

[[package]]
name = "sqlparse"
version = "0.5.0"
description = "A non-validating SQL parser."
optional = false
python-versions = ">=3.8"
files = [
    {file = "sqlparse-0.5.0-py3-none-any.whl", hash = "sha256:c204494cd97479d0e39f28c93d46c0b2d5959c7b9ab904762ea6c7af211c8663"},
    {file = "sqlparse-0.5.0.tar.gz", hash = "sha256:714d0a4932c059d16189f58ef5411ec2287a4360f17cdd0edd2d09d4c5087c93"},
]

[package.extras]
dev = ["build", "hatch"]
doc = ["sphinx"]

[[package]]
name = "tzdata"
version = "2024.1"
description = "Provider of IANA time zone data"
optional = false
python-versions = ">=2"
files = [
    {file = "tzdata-2024.1-py2.py3-none-any.whl", hash = "sha256:9068bc196136463f5245e51efda838afa15aaeca9903f49050dfa2679db4d252"},
    {file = "tzdata-2024.1.tar.gz", hash = "sha256:2674120f8d891909751c38abcdfd386ac0a5a1127954fbc332af6b5ceae07efd"},
]

[metadata]
lock-version = "2.0"
python-versions = "~3.12.0"
content-hash = "e91b3c785d5f0e68166f4c2b45d36601ddc61fcab16839e45079aa653efc1369"
